
Microsoft Visual Studio Solution File, Format Version 12.00
# Visual Studio Version 16
VisualStudioVersion = 16.0.30621.155
MinimumVisualStudioVersion = 10.0.40219.1
Project("{FAE04EC0-301F-11D3-BF4B-00C04F79EFBC}") = "Classes and Objects", "Classes and Objects\Classes and Objects.csproj", "{80776FA7-DD4C-4FF2-A4C8-61D541C3FBF6}"
EndProject
Global
	GlobalSection(SolutionConfigurationPlatforms) = preSolution
		Debug|Any CPU = Debug|Any CPU
		Release|Any CPU = Release|Any CPU
	EndGlobalSection
	GlobalSection(ProjectConfigurationPlatforms) = postSolution
		{80776FA7-DD4C-4FF2-A4C8-61D541C3FBF6}.Debug|Any CPU.ActiveCfg = Debug|Any CPU
		{80776FA7-DD4C-4FF2-A4C8-61D541C3FBF6}.Debug|Any CPU.Build.0 = Debug|Any CPU
		{80776FA7-DD4C-4FF2-A4C8-61D541C3FBF6}.Release|Any CPU.ActiveCfg = Release|Any CPU
		{80776FA7-DD4C-4FF2-A4C8-61D541C3FBF6}.Release|Any CPU.Build.0 = Release|Any CPU
	EndGlobalSection
	GlobalSection(SolutionProperties) = preSolution
		HideSolutionNode = FALSE
	EndGlobalSection
	GlobalSection(ExtensibilityGlobals) = postSolution
		SolutionGuid = {7B4D53D0-A718-4D0B-8A25-561CF4E93406}
	EndGlobalSection
EndGlobal
