
Microsoft Visual Studio Solution File, Format Version 12.00
# Visual Studio Version 16
VisualStudioVersion = 16.0.30621.155
MinimumVisualStudioVersion = 10.0.40219.1
Project("{FAE04EC0-301F-11D3-BF4B-00C04F79EFBC}") = "Array", "Array\Array.csproj", "{749C13B8-CE4E-459A-BC1C-4A3D46519757}"
EndProject
Global
	GlobalSection(SolutionConfigurationPlatforms) = preSolution
		Debug|Any CPU = Debug|Any CPU
		Release|Any CPU = Release|Any CPU
	EndGlobalSection
	GlobalSection(ProjectConfigurationPlatforms) = postSolution
		{749C13B8-CE4E-459A-BC1C-4A3D46519757}.Debug|Any CPU.ActiveCfg = Debug|Any CPU
		{749C13B8-CE4E-459A-BC1C-4A3D46519757}.Debug|Any CPU.Build.0 = Debug|Any CPU
		{749C13B8-CE4E-459A-BC1C-4A3D46519757}.Release|Any CPU.ActiveCfg = Release|Any CPU
		{749C13B8-CE4E-459A-BC1C-4A3D46519757}.Release|Any CPU.Build.0 = Release|Any CPU
	EndGlobalSection
	GlobalSection(SolutionProperties) = preSolution
		HideSolutionNode = FALSE
	EndGlobalSection
	GlobalSection(ExtensibilityGlobals) = postSolution
		SolutionGuid = {B668C41C-BBE6-4156-8DC6-7B1B24F53FA9}
	EndGlobalSection
EndGlobal
