
Microsoft Visual Studio Solution File, Format Version 12.00
# Visual Studio Version 16
VisualStudioVersion = 16.0.30621.155
MinimumVisualStudioVersion = 10.0.40219.1
Project("{FAE04EC0-301F-11D3-BF4B-00C04F79EFBC}") = "Switch Statements", "Switch Statements\Switch Statements.csproj", "{A026BAA7-A84F-407E-920C-26C6B6D8253C}"
EndProject
Global
	GlobalSection(SolutionConfigurationPlatforms) = preSolution
		Debug|Any CPU = Debug|Any CPU
		Release|Any CPU = Release|Any CPU
	EndGlobalSection
	GlobalSection(ProjectConfigurationPlatforms) = postSolution
		{A026BAA7-A84F-407E-920C-26C6B6D8253C}.Debug|Any CPU.ActiveCfg = Debug|Any CPU
		{A026BAA7-A84F-407E-920C-26C6B6D8253C}.Debug|Any CPU.Build.0 = Debug|Any CPU
		{A026BAA7-A84F-407E-920C-26C6B6D8253C}.Release|Any CPU.ActiveCfg = Release|Any CPU
		{A026BAA7-A84F-407E-920C-26C6B6D8253C}.Release|Any CPU.Build.0 = Release|Any CPU
	EndGlobalSection
	GlobalSection(SolutionProperties) = preSolution
		HideSolutionNode = FALSE
	EndGlobalSection
	GlobalSection(ExtensibilityGlobals) = postSolution
		SolutionGuid = {4E466DA2-2E7B-4B22-B0B4-E1B14F860C99}
	EndGlobalSection
EndGlobal
